# THIS IS AN AUTOGENERATED FILE. DO NOT EDIT THIS FILE DIRECTLY.
# yarn lockfile v1


remark-burger@^1.0.0:
  version "1.0.0"
  resolved "https://registry.yarnpkg.com/remark-burger/-/remark-burger-1.0.0.tgz#6cddfe0cecea5c9a96ba2a2edc52f4e9e93daa61"
  integrity sha512-5kmsrdSwajpC92puE52TWdQub1m3K/Phuwp0oyLieMDabbUUqM+/1TaukHx0KrOUwjSRYCvCeaW3ROCoX+xhmw==

unist-util-is@^2.0.0:
  version "2.1.2"
  resolved "https://registry.yarnpkg.com/unist-util-is/-/unist-util-is-2.1.2.tgz#1193fa8f2bfbbb82150633f3a8d2eb9a1c1d55db"
  integrity sha512-YkXBK/H9raAmG7KXck+UUpnKiNmUdB+aBGrknfQ4EreE1banuzrKABx3jP6Z5Z3fMSPMQQmeXBlKpCbMwBkxVw==

unist-util-remove@^1.0.1:
  version "1.0.1"
  resolved "https://registry.yarnpkg.com/unist-util-remove/-/unist-util-remove-1.0.1.tgz#3e967d2aeb3ee9e7f0ee8354172986fba7ff33a5"
  integrity sha512-nL+3O0nBB2Oi8ixVzIfJQLtNOMPIFzwoAIKvhDzEL8B15Nq7EY0KBQPYULjNrEmrwYMCkWp5XGTQiAlYZAL/rw==
  dependencies:
    unist-util-is "^2.0.0"
